
Microsoft Visual Studio Solution File, Format Version 12.00
# Visual Studio 15
VisualStudioVersion = 15.0.27428.2037
MinimumVisualStudioVersion = 10.0.40219.1
Project("{FAE04EC0-301F-11D3-BF4B-00C04F79EFBC}") = "OrderedListSearch", "OrderedListSearch\OrderedListSearch.csproj", "{10ED7DC3-F4BA-4563-9F95-D70D6C343910}"
EndProject
Global
	GlobalSection(SolutionConfigurationPlatforms) = preSolution
		Debug|Any CPU = Debug|Any CPU
		Release|Any CPU = Release|Any CPU
	EndGlobalSection
	GlobalSection(ProjectConfigurationPlatforms) = postSolution
		{10ED7DC3-F4BA-4563-9F95-D70D6C343910}.Debug|Any CPU.ActiveCfg = Debug|Any CPU
		{10ED7DC3-F4BA-4563-9F95-D70D6C343910}.Debug|Any CPU.Build.0 = Debug|Any CPU
		{10ED7DC3-F4BA-4563-9F95-D70D6C343910}.Release|Any CPU.ActiveCfg = Release|Any CPU
		{10ED7DC3-F4BA-4563-9F95-D70D6C343910}.Release|Any CPU.Build.0 = Release|Any CPU
	EndGlobalSection
	GlobalSection(SolutionProperties) = preSolution
		HideSolutionNode = FALSE
	EndGlobalSection
	GlobalSection(ExtensibilityGlobals) = postSolution
		SolutionGuid = {23F976A3-76E7-47F4-913C-8FC317AE0B4B}
	EndGlobalSection
EndGlobal
