
Microsoft Visual Studio Solution File, Format Version 12.00
# Visual Studio Version 16
VisualStudioVersion = 16.0.28809.33
MinimumVisualStudioVersion = 10.0.40219.1
Project("{FAE04EC0-301F-11D3-BF4B-00C04F79EFBC}") = "NetCoreJwtAuth", "NetCoreJwtAuth\NetCoreJwtAuth.csproj", "{5ADEE87B-C576-4B74-8616-D801AF0A83FD}"
EndProject
Global
	GlobalSection(SolutionConfigurationPlatforms) = preSolution
		Debug|Any CPU = Debug|Any CPU
		Release|Any CPU = Release|Any CPU
	EndGlobalSection
	GlobalSection(ProjectConfigurationPlatforms) = postSolution
		{5ADEE87B-C576-4B74-8616-D801AF0A83FD}.Debug|Any CPU.ActiveCfg = Debug|Any CPU
		{5ADEE87B-C576-4B74-8616-D801AF0A83FD}.Debug|Any CPU.Build.0 = Debug|Any CPU
		{5ADEE87B-C576-4B74-8616-D801AF0A83FD}.Release|Any CPU.ActiveCfg = Release|Any CPU
		{5ADEE87B-C576-4B74-8616-D801AF0A83FD}.Release|Any CPU.Build.0 = Release|Any CPU
	EndGlobalSection
	GlobalSection(SolutionProperties) = preSolution
		HideSolutionNode = FALSE
	EndGlobalSection
	GlobalSection(ExtensibilityGlobals) = postSolution
		SolutionGuid = {DF0026A8-EEB5-432F-947E-39FF294E257C}
	EndGlobalSection
EndGlobal
