
Microsoft Visual Studio Solution File, Format Version 12.00
# Visual Studio 15
VisualStudioVersion = 15.0.27428.2037
MinimumVisualStudioVersion = 10.0.40219.1
Project("{FAE04EC0-301F-11D3-BF4B-00C04F79EFBC}") = "DecodeVariations", "DecodeVariations\DecodeVariations.csproj", "{D5AD0FF4-4721-459F-94BA-D9F5815C673E}"
EndProject
Global
	GlobalSection(SolutionConfigurationPlatforms) = preSolution
		Debug|Any CPU = Debug|Any CPU
		Release|Any CPU = Release|Any CPU
	EndGlobalSection
	GlobalSection(ProjectConfigurationPlatforms) = postSolution
		{D5AD0FF4-4721-459F-94BA-D9F5815C673E}.Debug|Any CPU.ActiveCfg = Debug|Any CPU
		{D5AD0FF4-4721-459F-94BA-D9F5815C673E}.Debug|Any CPU.Build.0 = Debug|Any CPU
		{D5AD0FF4-4721-459F-94BA-D9F5815C673E}.Release|Any CPU.ActiveCfg = Release|Any CPU
		{D5AD0FF4-4721-459F-94BA-D9F5815C673E}.Release|Any CPU.Build.0 = Release|Any CPU
	EndGlobalSection
	GlobalSection(SolutionProperties) = preSolution
		HideSolutionNode = FALSE
	EndGlobalSection
	GlobalSection(ExtensibilityGlobals) = postSolution
		SolutionGuid = {361C332F-8D9E-4562-A003-21F6AFA2E76B}
	EndGlobalSection
EndGlobal
