
Microsoft Visual Studio Solution File, Format Version 12.00
# Visual Studio 15
VisualStudioVersion = 15.0.27428.2037
MinimumVisualStudioVersion = 10.0.40219.1
Project("{FAE04EC0-301F-11D3-BF4B-00C04F79EFBC}") = "Event", "Event\Event.csproj", "{06FE5DA2-8617-4AEA-8F58-1C801727FCE9}"
EndProject
Global
	GlobalSection(SolutionConfigurationPlatforms) = preSolution
		Debug|Any CPU = Debug|Any CPU
		Release|Any CPU = Release|Any CPU
	EndGlobalSection
	GlobalSection(ProjectConfigurationPlatforms) = postSolution
		{06FE5DA2-8617-4AEA-8F58-1C801727FCE9}.Debug|Any CPU.ActiveCfg = Debug|Any CPU
		{06FE5DA2-8617-4AEA-8F58-1C801727FCE9}.Debug|Any CPU.Build.0 = Debug|Any CPU
		{06FE5DA2-8617-4AEA-8F58-1C801727FCE9}.Release|Any CPU.ActiveCfg = Release|Any CPU
		{06FE5DA2-8617-4AEA-8F58-1C801727FCE9}.Release|Any CPU.Build.0 = Release|Any CPU
	EndGlobalSection
	GlobalSection(SolutionProperties) = preSolution
		HideSolutionNode = FALSE
	EndGlobalSection
	GlobalSection(ExtensibilityGlobals) = postSolution
		SolutionGuid = {66E4A900-51EB-495B-8F07-E26F7C83B1A7}
	EndGlobalSection
EndGlobal
