
Microsoft Visual Studio Solution File, Format Version 12.00
# Visual Studio 15
VisualStudioVersion = 15.0.27428.2037
MinimumVisualStudioVersion = 10.0.40219.1
Project("{FAE04EC0-301F-11D3-BF4B-00C04F79EFBC}") = "Sorting", "Sorting\Sorting.csproj", "{3AB1567E-FC22-4DE7-A198-7F364C71188C}"
EndProject
Global
	GlobalSection(SolutionConfigurationPlatforms) = preSolution
		Debug|Any CPU = Debug|Any CPU
		Release|Any CPU = Release|Any CPU
	EndGlobalSection
	GlobalSection(ProjectConfigurationPlatforms) = postSolution
		{3AB1567E-FC22-4DE7-A198-7F364C71188C}.Debug|Any CPU.ActiveCfg = Debug|Any CPU
		{3AB1567E-FC22-4DE7-A198-7F364C71188C}.Debug|Any CPU.Build.0 = Debug|Any CPU
		{3AB1567E-FC22-4DE7-A198-7F364C71188C}.Release|Any CPU.ActiveCfg = Release|Any CPU
		{3AB1567E-FC22-4DE7-A198-7F364C71188C}.Release|Any CPU.Build.0 = Release|Any CPU
	EndGlobalSection
	GlobalSection(SolutionProperties) = preSolution
		HideSolutionNode = FALSE
	EndGlobalSection
	GlobalSection(ExtensibilityGlobals) = postSolution
		SolutionGuid = {25292324-C502-4186-9BCB-70E36DFA916B}
	EndGlobalSection
EndGlobal
